{"1.1.0",
[{<<"cowboy">>,
  {git,"git://github.com/ninenines/cowboy.git",
       {ref,"7b248e5163fd852d6defe967318da849433dadb1"}},
  0},
 {<<"cowlib">>,
  {git,"https://github.com/ninenines/cowlib",
       {ref,"8e6d0f462850a90bd8a60995f52027839288d038"}},
  1},
 {<<"goldrush">>,{pkg,<<"goldrush">>,<<"0.1.8">>},1},
 {<<"lager">>,{pkg,<<"lager">>,<<"3.2.1">>},0},
 {<<"mochiweb">>,
  {git,"git://github.com/zotonic/mochiweb.git",
       {ref,"1b1da197c4b3249bb3998a4324cc564546c8c6b6"}},
  0},
 {<<"parse_trans">>,
  {git,"git://github.com/uwiger/parse_trans.git",
       {ref,"6f3645afb43c7c57d61b54ef59aecab288ce1013"}},
  0},
 {<<"ranch">>,
  {git,"https://github.com/ninenines/ranch.git",
       {ref,"cba84529f64587827451705a7357fb708b2b58b0"}},
  0},
 {<<"sendfile">>,
  {git,"git://github.com/tuncer/sendfile.git",
       {ref,"b009365d8eeeb0078743e9c94587a5d73c9990f6"}},
  0},
 {<<"z_stdlib">>,
  {git,"git://github.com/zotonic/z_stdlib.git",
       {ref,"7959372ef99a227b12ddb8b39fd661ef67280edc"}},
  0}]}.
[
{pkg_hash,[
 {<<"goldrush">>, <<"2024BA375CEEA47E27EA70E14D2C483B2D8610101B4E852EF7F89163CDB6E649">>},
 {<<"lager">>, <<"EEF4E18B39E4195D37606D9088EA05BF1B745986CF8EC84F01D332456FE88D17">>}]}
].
